
Microsoft Visual Studio Solution File, Format Version 12.00
# Visual Studio Version 17
VisualStudioVersion = 17.10.35201.131
MinimumVisualStudioVersion = 10.0.40219.1
Project("{9A19103F-16F7-4668-BE54-9A1E7A4F7556}") = "FileSystem", "FileSystem\FileSystem.csproj", "{B52BA7E6-A6A4-4F89-9D43-4326CD136BEC}"
EndProject
Project("{9A19103F-16F7-4668-BE54-9A1E7A4F7556}") = "OpenAICSharp", "OpenAICSharp\OpenAICSharp.csproj", "{098DD76B-1037-4539-A685-57D0F1100D69}"
EndProject
Project("{9A19103F-16F7-4668-BE54-9A1E7A4F7556}") = "OpenAIDotNetStandard", "OpenAIDotNetStandard\OpenAIDotNetStandard.csproj", "{CD2FE49B-CB98-4E0C-B800-69BB7466CC35}"
EndProject
Project("{9A19103F-16F7-4668-BE54-9A1E7A4F7556}") = "Overwatch.Docker", "Overwatch.Docker\Overwatch.Docker.csproj", "{43DC320F-8EF4-4B01-B6EE-0633F879AD8B}"
EndProject
Project("{FAE04EC0-301F-11D3-BF4B-00C04F79EFBC}") = "NModel", "NModel\NModel.csproj", "{9E9EA768-11CF-49DA-919F-3BD3C3EA942B}"
EndProject
Project("{9A19103F-16F7-4668-BE54-9A1E7A4F7556}") = "Overwatch.Parallel.Testing", "Overwatch.Parallel.Testing\Overwatch.Parallel.Testing.csproj", "{CC56D275-1AA4-4805-91FA-6A62D8C806C2}"
EndProject
Project("{FAE04EC0-301F-11D3-BF4B-00C04F79EFBC}") = "CT", "CT\CT.csproj", "{EF901B70-C9C4-4647-B48C-B20BE8D60E6E}"
EndProject
Project("{9A19103F-16F7-4668-BE54-9A1E7A4F7556}") = "Overwatch.Hangfire.Client", "Overwatch.Hangfire.Client\Overwatch.Hangfire.Client.csproj", "{75C513E6-7058-4A72-AB90-66EA95F60C48}"
EndProject
Project("{FAE04EC0-301F-11D3-BF4B-00C04F79EFBC}") = "Overwatch.Hangfire.Server", "Overwatch.Hangfire.Server\Overwatch.Hangfire.Server.csproj", "{508B5329-3BDB-4B74-A86C-8DE47C1C987D}"
EndProject
Global
	GlobalSection(SolutionConfigurationPlatforms) = preSolution
		Debug|Any CPU = Debug|Any CPU
		Release|Any CPU = Release|Any CPU
	EndGlobalSection
	GlobalSection(ProjectConfigurationPlatforms) = postSolution
		{B52BA7E6-A6A4-4F89-9D43-4326CD136BEC}.Debug|Any CPU.ActiveCfg = Debug|Any CPU
		{B52BA7E6-A6A4-4F89-9D43-4326CD136BEC}.Debug|Any CPU.Build.0 = Debug|Any CPU
		{B52BA7E6-A6A4-4F89-9D43-4326CD136BEC}.Release|Any CPU.ActiveCfg = Release|Any CPU
		{B52BA7E6-A6A4-4F89-9D43-4326CD136BEC}.Release|Any CPU.Build.0 = Release|Any CPU
		{098DD76B-1037-4539-A685-57D0F1100D69}.Debug|Any CPU.ActiveCfg = Debug|Any CPU
		{098DD76B-1037-4539-A685-57D0F1100D69}.Debug|Any CPU.Build.0 = Debug|Any CPU
		{098DD76B-1037-4539-A685-57D0F1100D69}.Release|Any CPU.ActiveCfg = Release|Any CPU
		{098DD76B-1037-4539-A685-57D0F1100D69}.Release|Any CPU.Build.0 = Release|Any CPU
		{CD2FE49B-CB98-4E0C-B800-69BB7466CC35}.Debug|Any CPU.ActiveCfg = Debug|Any CPU
		{CD2FE49B-CB98-4E0C-B800-69BB7466CC35}.Debug|Any CPU.Build.0 = Debug|Any CPU
		{CD2FE49B-CB98-4E0C-B800-69BB7466CC35}.Release|Any CPU.ActiveCfg = Release|Any CPU
		{CD2FE49B-CB98-4E0C-B800-69BB7466CC35}.Release|Any CPU.Build.0 = Release|Any CPU
		{43DC320F-8EF4-4B01-B6EE-0633F879AD8B}.Debug|Any CPU.ActiveCfg = Debug|Any CPU
		{43DC320F-8EF4-4B01-B6EE-0633F879AD8B}.Debug|Any CPU.Build.0 = Debug|Any CPU
		{43DC320F-8EF4-4B01-B6EE-0633F879AD8B}.Release|Any CPU.ActiveCfg = Release|Any CPU
		{43DC320F-8EF4-4B01-B6EE-0633F879AD8B}.Release|Any CPU.Build.0 = Release|Any CPU
		{9E9EA768-11CF-49DA-919F-3BD3C3EA942B}.Debug|Any CPU.ActiveCfg = Debug|Any CPU
		{9E9EA768-11CF-49DA-919F-3BD3C3EA942B}.Debug|Any CPU.Build.0 = Debug|Any CPU
		{9E9EA768-11CF-49DA-919F-3BD3C3EA942B}.Release|Any CPU.ActiveCfg = Release|Any CPU
		{9E9EA768-11CF-49DA-919F-3BD3C3EA942B}.Release|Any CPU.Build.0 = Release|Any CPU
		{CC56D275-1AA4-4805-91FA-6A62D8C806C2}.Debug|Any CPU.ActiveCfg = Debug|Any CPU
		{CC56D275-1AA4-4805-91FA-6A62D8C806C2}.Debug|Any CPU.Build.0 = Debug|Any CPU
		{CC56D275-1AA4-4805-91FA-6A62D8C806C2}.Release|Any CPU.ActiveCfg = Release|Any CPU
		{CC56D275-1AA4-4805-91FA-6A62D8C806C2}.Release|Any CPU.Build.0 = Release|Any CPU
		{EF901B70-C9C4-4647-B48C-B20BE8D60E6E}.Debug|Any CPU.ActiveCfg = Debug|Any CPU
		{EF901B70-C9C4-4647-B48C-B20BE8D60E6E}.Debug|Any CPU.Build.0 = Debug|Any CPU
		{EF901B70-C9C4-4647-B48C-B20BE8D60E6E}.Release|Any CPU.ActiveCfg = Release|Any CPU
		{EF901B70-C9C4-4647-B48C-B20BE8D60E6E}.Release|Any CPU.Build.0 = Release|Any CPU
		{75C513E6-7058-4A72-AB90-66EA95F60C48}.Debug|Any CPU.ActiveCfg = Debug|Any CPU
		{75C513E6-7058-4A72-AB90-66EA95F60C48}.Debug|Any CPU.Build.0 = Debug|Any CPU
		{75C513E6-7058-4A72-AB90-66EA95F60C48}.Release|Any CPU.ActiveCfg = Release|Any CPU
		{75C513E6-7058-4A72-AB90-66EA95F60C48}.Release|Any CPU.Build.0 = Release|Any CPU
		{508B5329-3BDB-4B74-A86C-8DE47C1C987D}.Debug|Any CPU.ActiveCfg = Debug|Any CPU
		{508B5329-3BDB-4B74-A86C-8DE47C1C987D}.Debug|Any CPU.Build.0 = Debug|Any CPU
		{508B5329-3BDB-4B74-A86C-8DE47C1C987D}.Release|Any CPU.ActiveCfg = Release|Any CPU
		{508B5329-3BDB-4B74-A86C-8DE47C1C987D}.Release|Any CPU.Build.0 = Release|Any CPU
	EndGlobalSection
	GlobalSection(SolutionProperties) = preSolution
		HideSolutionNode = FALSE
	EndGlobalSection
	GlobalSection(ExtensibilityGlobals) = postSolution
		SolutionGuid = {E74DFF81-4791-4A90-A003-8606A2CFDDC4}
	EndGlobalSection
EndGlobal
